// !$*UTF8*$!
{
	archiveVersion = 1;
	classes = {
	};
	objectVersion = 46;
	objects = {

/* Begin PBXBuildFile section */
		01FAC85C1A885DC30074CEF6 /* main.m in Sources */ = {isa = PBXBuildFile; fileRef = 01FAC85B1A885DC30074CEF6 /* main.m */; };
		01FAC85F1A885DC30074CEF6 /* AppDelegate.m in Sources */ = {isa = PBXBuildFile; fileRef = 01FAC85E1A885DC30074CEF6 /* AppDelegate.m */; };
		01FAC8621A885DC30074CEF6 /* ViewController.m in Sources */ = {isa = PBXBuildFile; fileRef = 01FAC8611A885DC30074CEF6 /* ViewController.m */; };
		01FAC8651A885DC30074CEF6 /* Main.storyboard in Resources */ = {isa = PBXBuildFile; fileRef = 01FAC8631A885DC30074CEF6 /* Main.storyboard */; };
		01FAC8671A885DC30074CEF6 /* Images.xcassets in Resources */ = {isa = PBXBuildFile; fileRef = 01FAC8661A885DC30074CEF6 /* Images.xcassets */; };
		01FAC86A1A885DC30074CEF6 /* LaunchScreen.xib in Resources */ = {isa = PBXBuildFile; fileRef = 01FAC8681A885DC30074CEF6 /* LaunchScreen.xib */; };
		01FAC8761A885DC30074CEF6 /* ImageLabelDemoTests.m in Sources */ = {isa = PBXBuildFile; fileRef = 01FAC8751A885DC30074CEF6 /* ImageLabelDemoTests.m */; };
		01FAC8831A885DE50074CEF6 /* ImageTipLabel.m in Sources */ = {isa = PBXBuildFile; fileRef = 01FAC8811A885DE50074CEF6 /* ImageTipLabel.m */; };
		01FAC8841A885DE50074CEF6 /* ImageTipLabel.xib in Resources */ = {isa = PBXBuildFile; fileRef = 01FAC8821A885DE50074CEF6 /* ImageTipLabel.xib */; };
		01FAC8861A885E1F0074CEF6 /* ImageTipLabel.xcassets in Resources */ = {isa = PBXBuildFile; fileRef = 01FAC8851A885E1F0074CEF6 /* ImageTipLabel.xcassets */; };
/* End PBXBuildFile section */

/* Begin PBXContainerItemProxy section */
		01FAC8701A885DC30074CEF6 /* PBXContainerItemProxy */ = {
			isa = PBXContainerItemProxy;
			containerPortal = 01FAC84E1A885DC30074CEF6 /* Project object */;
			proxyType = 1;
			remoteGlobalIDString = 01FAC8551A885DC30074CEF6;
			remoteInfo = ImageLabelDemo;
		};
/* End PBXContainerItemProxy section */

/* Begin PBXFileReference section */
		01FAC8561A885DC30074CEF6 /* ImageLabelDemo.app */ = {isa = PBXFileReference; explicitFileType = wrapper.application; includeInIndex = 0; path = ImageLabelDemo.app; sourceTree = BUILT_PRODUCTS_DIR; };
		01FAC85A1A885DC30074CEF6 /* Info.plist */ = {isa = PBXFileReference; lastKnownFileType = text.plist.xml; path = Info.plist; sourceTree = "<group>"; };
		01FAC85B1A885DC30074CEF6 /* main.m */ = {isa = PBXFileReference; lastKnownFileType = sourcecode.c.objc; path = main.m; sourceTree = "<group>"; };
		01FAC85D1A885DC30074CEF6 /* AppDelegate.h */ = {isa = PBXFileReference; lastKnownFileType = sourcecode.c.h; path = AppDelegate.h; sourceTree = "<group>"; };
		01FAC85E1A885DC30074CEF6 /* AppDelegate.m */ = {isa = PBXFileReference; lastKnownFileType = sourcecode.c.objc; path = AppDelegate.m; sourceTree = "<group>"; };
		01FAC8601A885DC30074CEF6 /* ViewController.h */ = {isa = PBXFileReference; lastKnownFileType = sourcecode.c.h; path = ViewController.h; sourceTree = "<group>"; };
		01FAC8611A885DC30074CEF6 /* ViewController.m */ = {isa = PBXFileReference; lastKnownFileType = sourcecode.c.objc; path = ViewController.m; sourceTree = "<group>"; };
		01FAC8641A885DC30074CEF6 /* Base */ = {isa = PBXFileReference; lastKnownFileType = file.storyboard; name = Base; path = Base.lproj/Main.storyboard; sourceTree = "<group>"; };
		01FAC8661A885DC30074CEF6 /* Images.xcassets */ = {isa = PBXFileReference; lastKnownFileType = folder.assetcatalog; path = Images.xcassets; sourceTree = "<group>"; };
		01FAC8691A885DC30074CEF6 /* Base */ = {isa = PBXFileReference; lastKnownFileType = file.xib; name = Base; path = Base.lproj/LaunchScreen.xib; sourceTree = "<group>"; };
		01FAC86F1A885DC30074CEF6 /* ImageLabelDemoTests.xctest */ = {isa = PBXFileReference; explicitFileType = wrapper.cfbundle; includeInIndex = 0; path = ImageLabelDemoTests.xctest; sourceTree = BUILT_PRODUCTS_DIR; };
		01FAC8741A885DC30074CEF6 /* Info.plist */ = {isa = PBXFileReference; lastKnownFileType = text.plist.xml; path = Info.plist; sourceTree = "<group>"; };
		01FAC8751A885DC30074CEF6 /* ImageLabelDemoTests.m */ = {isa = PBXFileReference; lastKnownFileType = sourcecode.c.objc; path = ImageLabelDemoTests.m; sourceTree = "<group>"; };
		01FAC8801A885DE50074CEF6 /* ImageTipLabel.h */ = {isa = PBXFileReference; fileEncoding = 4; lastKnownFileType = sourcecode.c.h; path = ImageTipLabel.h; sourceTree = "<group>"; };
		01FAC8811A885DE50074CEF6 /* ImageTipLabel.m */ = {isa = PBXFileReference; fileEncoding = 4; lastKnownFileType = sourcecode.c.objc; path = ImageTipLabel.m; sourceTree = "<group>"; };
		01FAC8821A885DE50074CEF6 /* ImageTipLabel.xib */ = {isa = PBXFileReference; fileEncoding = 4; lastKnownFileType = file.xib; path = ImageTipLabel.xib; sourceTree = "<group>"; };
		01FAC8851A885E1F0074CEF6 /* ImageTipLabel.xcassets */ = {isa = PBXFileReference; lastKnownFileType = folder.assetcatalog; path = ImageTipLabel.xcassets; sourceTree = "<group>"; };
/* End PBXFileReference section */

/* Begin PBXFrameworksBuildPhase section */
		01FAC8531A885DC30074CEF6 /* Frameworks */ = {
			isa = PBXFrameworksBuildPhase;
			buildActionMask = 2147483647;
			files = (
			);
			runOnlyForDeploymentPostprocessing = 0;
		};
		01FAC86C1A885DC30074CEF6 /* Frameworks */ = {
			isa = PBXFrameworksBuildPhase;
			buildActionMask = 2147483647;
			files = (
			);
			runOnlyForDeploymentPostprocessing = 0;
		};
/* End PBXFrameworksBuildPhase section */

/* Begin PBXGroup section */
		01FAC84D1A885DC30074CEF6 = {
			isa = PBXGroup;
			children = (
				01FAC8581A885DC30074CEF6 /* ImageLabelDemo */,
				01FAC8721A885DC30074CEF6 /* ImageLabelDemoTests */,
				01FAC8571A885DC30074CEF6 /* Products */,
			);
			sourceTree = "<group>";
		};
		01FAC8571A885DC30074CEF6 /* Products */ = {
			isa = PBXGroup;
			children = (
				01FAC8561A885DC30074CEF6 /* ImageLabelDemo.app */,
				01FAC86F1A885DC30074CEF6 /* ImageLabelDemoTests.xctest */,
			);
			name = Products;
			sourceTree = "<group>";
		};
		01FAC8581A885DC30074CEF6 /* ImageLabelDemo */ = {
			isa = PBXGroup;
			children = (
				01FAC87F1A885DE50074CEF6 /* ImageTipLabel */,
				01FAC85D1A885DC30074CEF6 /* AppDelegate.h */,
				01FAC85E1A885DC30074CEF6 /* AppDelegate.m */,
				01FAC8601A885DC30074CEF6 /* ViewController.h */,
				01FAC8611A885DC30074CEF6 /* ViewController.m */,
				01FAC8631A885DC30074CEF6 /* Main.storyboard */,
				01FAC8661A885DC30074CEF6 /* Images.xcassets */,
				01FAC8681A885DC30074CEF6 /* LaunchScreen.xib */,
				01FAC8591A885DC30074CEF6 /* Supporting Files */,
			);
			path = ImageLabelDemo;
			sourceTree = "<group>";
		};
		01FAC8591A885DC30074CEF6 /* Supporting Files */ = {
			isa = PBXGroup;
			children = (
				01FAC85A1A885DC30074CEF6 /* Info.plist */,
				01FAC85B1A885DC30074CEF6 /* main.m */,
			);
			name = "Supporting Files";
			sourceTree = "<group>";
		};
		01FAC8721A885DC30074CEF6 /* ImageLabelDemoTests */ = {
			isa = PBXGroup;
			children = (
				01FAC8751A885DC30074CEF6 /* ImageLabelDemoTests.m */,
				01FAC8731A885DC30074CEF6 /* Supporting Files */,
			);
			path = ImageLabelDemoTests;
			sourceTree = "<group>";
		};
		01FAC8731A885DC30074CEF6 /* Supporting Files */ = {
			isa = PBXGroup;
			children = (
				01FAC8741A885DC30074CEF6 /* Info.plist */,
			);
			name = "Supporting Files";
			sourceTree = "<group>";
		};
		01FAC87F1A885DE50074CEF6 /* ImageTipLabel */ = {
			isa = PBXGroup;
			children = (
				01FAC8801A885DE50074CEF6 /* ImageTipLabel.h */,
				01FAC8811A885DE50074CEF6 /* ImageTipLabel.m */,
				01FAC8821A885DE50074CEF6 /* ImageTipLabel.xib */,
				01FAC8851A885E1F0074CEF6 /* ImageTipLabel.xcassets */,
			);
			name = ImageTipLabel;
			path = ../../ImageTipLabel;
			sourceTree = "<group>";
		};
/* End PBXGroup section */

/* Begin PBXNativeTarget section */
		01FAC8551A885DC30074CEF6 /* ImageLabelDemo */ = {
			isa = PBXNativeTarget;
			buildConfigurationList = 01FAC8791A885DC30074CEF6 /* Build configuration list for PBXNativeTarget "ImageLabelDemo" */;
			buildPhases = (
				01FAC8521A885DC30074CEF6 /* Sources */,
				01FAC8531A885DC30074CEF6 /* Frameworks */,
				01FAC8541A885DC30074CEF6 /* Resources */,
			);
			buildRules = (
			);
			dependencies = (
			);
			name = ImageLabelDemo;
			productName = ImageLabelDemo;
			productReference = 01FAC8561A885DC30074CEF6 /* ImageLabelDemo.app */;
			productType = "com.apple.product-type.application";
		};
		01FAC86E1A885DC30074CEF6 /* ImageLabelDemoTests */ = {
			isa = PBXNativeTarget;
			buildConfigurationList = 01FAC87C1A885DC30074CEF6 /* Build configuration list for PBXNativeTarget "ImageLabelDemoTests" */;
			buildPhases = (
				01FAC86B1A885DC30074CEF6 /* Sources */,
				01FAC86C1A885DC30074CEF6 /* Frameworks */,
				01FAC86D1A885DC30074CEF6 /* Resources */,
			);
			buildRules = (
			);
			dependencies = (
				01FAC8711A885DC30074CEF6 /* PBXTargetDependency */,
			);
			name = ImageLabelDemoTests;
			productName = ImageLabelDemoTests;
			productReference = 01FAC86F1A885DC30074CEF6 /* ImageLabelDemoTests.xctest */;
			productType = "com.apple.product-type.bundle.unit-test";
		};
/* End PBXNativeTarget section */

/* Begin PBXProject section */
		01FAC84E1A885DC30074CEF6 /* Project object */ = {
			isa = PBXProject;
			attributes = {
				LastUpgradeCheck = 0610;
				ORGANIZATIONNAME = Huaban;
				TargetAttributes = {
					01FAC8551A885DC30074CEF6 = {
						CreatedOnToolsVersion = 6.1.1;
					};
					01FAC86E1A885DC30074CEF6 = {
						CreatedOnToolsVersion = 6.1.1;
						TestTargetID = 01FAC8551A885DC30074CEF6;
					};
				};
			};
			buildConfigurationList = 01FAC8511A885DC30074CEF6 /* Build configuration list for PBXProject "ImageLabelDemo" */;
			compatibilityVersion = "Xcode 3.2";
			developmentRegion = English;
			hasScannedForEncodings = 0;
			knownRegions = (
				en,
				Base,
			);
			mainGroup = 01FAC84D1A885DC30074CEF6;
			productRefGroup = 01FAC8571A885DC30074CEF6 /* Products */;
			projectDirPath = "";
			projectRoot = "";
			targets = (
				01FAC8551A885DC30074CEF6 /* ImageLabelDemo */,
				01FAC86E1A885DC30074CEF6 /* ImageLabelDemoTests */,
			);
		};
/* End PBXProject section */

/* Begin PBXResourcesBuildPhase section */
		01FAC8541A885DC30074CEF6 /* Resources */ = {
			isa = PBXResourcesBuildPhase;
			buildActionMask = 2147483647;
			files = (
				01FAC8651A885DC30074CEF6 /* Main.storyboard in Resources */,
				01FAC86A1A885DC30074CEF6 /* LaunchScreen.xib in Resources */,
				01FAC8861A885E1F0074CEF6 /* ImageTipLabel.xcassets in Resources */,
				01FAC8841A885DE50074CEF6 /* ImageTipLabel.xib in Resources */,
				01FAC8671A885DC30074CEF6 /* Images.xcassets in Resources */,
			);
			runOnlyForDeploymentPostprocessing = 0;
		};
		01FAC86D1A885DC30074CEF6 /* Resources */ = {
			isa = PBXResourcesBuildPhase;
			buildActionMask = 2147483647;
			files = (
			);
			runOnlyForDeploymentPostprocessing = 0;
		};
/* End PBXResourcesBuildPhase section */

/* Begin PBXSourcesBuildPhase section */
		01FAC8521A885DC30074CEF6 /* Sources */ = {
			isa = PBXSourcesBuildPhase;
			buildActionMask = 2147483647;
			files = (
				01FAC8621A885DC30074CEF6 /* ViewController.m in Sources */,
				01FAC85F1A885DC30074CEF6 /* AppDelegate.m in Sources */,
				01FAC8831A885DE50074CEF6 /* ImageTipLabel.m in Sources */,
				01FAC85C1A885DC30074CEF6 /* main.m in Sources */,
			);
			runOnlyForDeploymentPostprocessing = 0;
		};
		01FAC86B1A885DC30074CEF6 /* Sources */ = {
			isa = PBXSourcesBuildPhase;
			buildActionMask = 2147483647;
			files = (
				01FAC8761A885DC30074CEF6 /* ImageLabelDemoTests.m in Sources */,
			);
			runOnlyForDeploymentPostprocessing = 0;
		};
/* End PBXSourcesBuildPhase section */

/* Begin PBXTargetDependency section */
		01FAC8711A885DC30074CEF6 /* PBXTargetDependency */ = {
			isa = PBXTargetDependency;
			target = 01FAC8551A885DC30074CEF6 /* ImageLabelDemo */;
			targetProxy = 01FAC8701A885DC30074CEF6 /* PBXContainerItemProxy */;
		};
/* End PBXTargetDependency section */

/* Begin PBXVariantGroup section */
		01FAC8631A885DC30074CEF6 /* Main.storyboard */ = {
			isa = PBXVariantGroup;
			children = (
				01FAC8641A885DC30074CEF6 /* Base */,
			);
			name = Main.storyboard;
			sourceTree = "<group>";
		};
		01FAC8681A885DC30074CEF6 /* LaunchScreen.xib */ = {
			isa = PBXVariantGroup;
			children = (
				01FAC8691A885DC30074CEF6 /* Base */,
			);
			name = LaunchScreen.xib;
			sourceTree = "<group>";
		};
/* End PBXVariantGroup section */

/* Begin XCBuildConfiguration section */
		01FAC8771A885DC30074CEF6 /* Debug */ = {
			isa = XCBuildConfiguration;
			buildSettings = {
				ALWAYS_SEARCH_USER_PATHS = NO;
				CLANG_CXX_LANGUAGE_STANDARD = "gnu++0x";
				CLANG_CXX_LIBRARY = "libc++";
				CLANG_ENABLE_MODULES = YES;
				CLANG_ENABLE_OBJC_ARC = YES;
				CLANG_WARN_BOOL_CONVERSION = YES;
				CLANG_WARN_CONSTANT_CONVERSION = YES;
				CLANG_WARN_DIRECT_OBJC_ISA_USAGE = YES_ERROR;
				CLANG_WARN_EMPTY_BODY = YES;
				CLANG_WARN_ENUM_CONVERSION = YES;
				CLANG_WARN_INT_CONVERSION = YES;
				CLANG_WARN_OBJC_ROOT_CLASS = YES_ERROR;
				CLANG_WARN_UNREACHABLE_CODE = YES;
				CLANG_WARN__DUPLICATE_METHOD_MATCH = YES;
				"CODE_SIGN_IDENTITY[sdk=iphoneos*]" = "iPhone Developer";
				COPY_PHASE_STRIP = NO;
				ENABLE_STRICT_OBJC_MSGSEND = YES;
				GCC_C_LANGUAGE_STANDARD = gnu99;
				GCC_DYNAMIC_NO_PIC = NO;
				GCC_OPTIMIZATION_LEVEL = 0;
				GCC_PREPROCESSOR_DEFINITIONS = (
					"DEBUG=1",
					"$(inherited)",
				);
				GCC_SYMBOLS_PRIVATE_EXTERN = NO;
				GCC_WARN_64_TO_32_BIT_CONVERSION = YES;
				GCC_WARN_ABOUT_RETURN_TYPE = YES_ERROR;
				GCC_WARN_UNDECLARED_SELECTOR = YES;
				GCC_WARN_UNINITIALIZED_AUTOS = YES_AGGRESSIVE;
				GCC_WARN_UNUSED_FUNCTION = YES;
				GCC_WARN_UNUSED_VARIABLE = YES;
				IPHONEOS_DEPLOYMENT_TARGET = 8.1;
				MTL_ENABLE_DEBUG_INFO = YES;
				ONLY_ACTIVE_ARCH = YES;
				SDKROOT = iphoneos;
			};
			name = Debug;
		};
		01FAC8781A885DC30074CEF6 /* Release */ = {
			isa = XCBuildConfiguration;
			buildSettings = {
				ALWAYS_SEARCH_USER_PATHS = NO;
				CLANG_CXX_LANGUAGE_STANDARD = "gnu++0x";
				CLANG_CXX_LIBRARY = "libc++";
				CLANG_ENABLE_MODULES = YES;
				CLANG_ENABLE_OBJC_ARC = YES;
				CLANG_WARN_BOOL_CONVERSION = YES;
				CLANG_WARN_CONSTANT_CONVERSION = YES;
				CLANG_WARN_DIRECT_OBJC_ISA_USAGE = YES_ERROR;
				CLANG_WARN_EMPTY_BODY = YES;
				CLANG_WARN_ENUM_CONVERSION = YES;
				CLANG_WARN_INT_CONVERSION = YES;
				CLANG_WARN_OBJC_ROOT_CLASS = YES_ERROR;
				CLANG_WARN_UNREACHABLE_CODE = YES;
				CLANG_WARN__DUPLICATE_METHOD_MATCH = YES;
				"CODE_SIGN_IDENTITY[sdk=iphoneos*]" = "iPhone Developer";
				COPY_PHASE_STRIP = YES;
				ENABLE_NS_ASSERTIONS = NO;
				ENABLE_STRICT_OBJC_MSGSEND = YES;
				GCC_C_LANGUAGE_STANDARD = gnu99;
				GCC_WARN_64_TO_32_BIT_CONVERSION = YES;
				GCC_WARN_ABOUT_RETURN_TYPE = YES_ERROR;
				GCC_WARN_UNDECLARED_SELECTOR = YES;
				GCC_WARN_UNINITIALIZED_AUTOS = YES_AGGRESSIVE;
				GCC_WARN_UNUSED_FUNCTION = YES;
				GCC_WARN_UNUSED_VARIABLE = YES;
				IPHONEOS_DEPLOYMENT_TARGET = 8.1;
				MTL_ENABLE_DEBUG_INFO = NO;
				SDKROOT = iphoneos;
				VALIDATE_PRODUCT = YES;
			};
			name = Release;
		};
		01FAC87A1A885DC30074CEF6 /* Debug */ = {
			isa = XCBuildConfiguration;
			buildSettings = {
				ASSETCATALOG_COMPILER_APPICON_NAME = AppIcon;
				INFOPLIST_FILE = ImageLabelDemo/Info.plist;
				IPHONEOS_DEPLOYMENT_TARGET = 7.0;
				LD_RUNPATH_SEARCH_PATHS = "$(inherited) @executable_path/Frameworks";
				PRODUCT_NAME = "$(TARGET_NAME)";
			};
			name = Debug;
		};
		01FAC87B1A885DC30074CEF6 /* Release */ = {
			isa = XCBuildConfiguration;
			buildSettings = {
				ASSETCATALOG_COMPILER_APPICON_NAME = AppIcon;
				INFOPLIST_FILE = ImageLabelDemo/Info.plist;
				IPHONEOS_DEPLOYMENT_TARGET = 7.0;
				LD_RUNPATH_SEARCH_PATHS = "$(inherited) @executable_path/Frameworks";
				PRODUCT_NAME = "$(TARGET_NAME)";
			};
			name = Release;
		};
		01FAC87D1A885DC30074CEF6 /* Debug */ = {
			isa = XCBuildConfiguration;
			buildSettings = {
				BUNDLE_LOADER = "$(TEST_HOST)";
				FRAMEWORK_SEARCH_PATHS = (
					"$(SDKROOT)/Developer/Library/Frameworks",
					"$(inherited)",
				);
				GCC_PREPROCESSOR_DEFINITIONS = (
					"DEBUG=1",
					"$(inherited)",
				);
				INFOPLIST_FILE = ImageLabelDemoTests/Info.plist;
				LD_RUNPATH_SEARCH_PATHS = "$(inherited) @executable_path/Frameworks @loader_path/Frameworks";
				PRODUCT_NAME = "$(TARGET_NAME)";
				TEST_HOST = "$(BUILT_PRODUCTS_DIR)/ImageLabelDemo.app/ImageLabelDemo";
			};
			name = Debug;
		};
		01FAC87E1A885DC30074CEF6 /* Release */ = {
			isa = XCBuildConfiguration;
			buildSettings = {
				BUNDLE_LOADER = "$(TEST_HOST)";
				FRAMEWORK_SEARCH_PATHS = (
					"$(SDKROOT)/Developer/Library/Frameworks",
					"$(inherited)",
				);
				INFOPLIST_FILE = ImageLabelDemoTests/Info.plist;
				LD_RUNPATH_SEARCH_PATHS = "$(inherited) @executable_path/Frameworks @loader_path/Frameworks";
				PRODUCT_NAME = "$(TARGET_NAME)";
				TEST_HOST = "$(BUILT_PRODUCTS_DIR)/ImageLabelDemo.app/ImageLabelDemo";
			};
			name = Release;
		};
/* End XCBuildConfiguration section */

/* Begin XCConfigurationList section */
		01FAC8511A885DC30074CEF6 /* Build configuration list for PBXProject "ImageLabelDemo" */ = {
			isa = XCConfigurationList;
			buildConfigurations = (
				01FAC8771A885DC30074CEF6 /* Debug */,
				01FAC8781A885DC30074CEF6 /* Release */,
			);
			defaultConfigurationIsVisible = 0;
			defaultConfigurationName = Release;
		};
		01FAC8791A885DC30074CEF6 /* Build configuration list for PBXNativeTarget "ImageLabelDemo" */ = {
			isa = XCConfigurationList;
			buildConfigurations = (
				01FAC87A1A885DC30074CEF6 /* Debug */,
				01FAC87B1A885DC30074CEF6 /* Release */,
			);
			defaultConfigurationIsVisible = 0;
			defaultConfigurationName = Release;
		};
		01FAC87C1A885DC30074CEF6 /* Build configuration list for PBXNativeTarget "ImageLabelDemoTests" */ = {
			isa = XCConfigurationList;
			buildConfigurations = (
				01FAC87D1A885DC30074CEF6 /* Debug */,
				01FAC87E1A885DC30074CEF6 /* Release */,
			);
			defaultConfigurationIsVisible = 0;
			defaultConfigurationName = Release;
		};
/* End XCConfigurationList section */
	};
	rootObject = 01FAC84E1A885DC30074CEF6 /* Project object */;
}
